
Microsoft Visual Studio Solution File, Format Version 12.00
# Visual Studio Version 16
VisualStudioVersion = 16.0.31424.327
MinimumVisualStudioVersion = 10.0.40219.1
Project("{FAE04EC0-301F-11D3-BF4B-00C04F79EFBC}") = "ToolUpCafeXpress", "ToolUpCafeXpress\ToolUpCafeXpress.csproj", "{D14ED049-5256-4405-AC2F-199459E5CB3B}"
EndProject
Global
	GlobalSection(SolutionConfigurationPlatforms) = preSolution
		Debug|Any CPU = Debug|Any CPU
		Release|Any CPU = Release|Any CPU
	EndGlobalSection
	GlobalSection(ProjectConfigurationPlatforms) = postSolution
		{D14ED049-5256-4405-AC2F-199459E5CB3B}.Debug|Any CPU.ActiveCfg = Debug|Any CPU
		{D14ED049-5256-4405-AC2F-199459E5CB3B}.Debug|Any CPU.Build.0 = Debug|Any CPU
		{D14ED049-5256-4405-AC2F-199459E5CB3B}.Release|Any CPU.ActiveCfg = Release|Any CPU
		{D14ED049-5256-4405-AC2F-199459E5CB3B}.Release|Any CPU.Build.0 = Release|Any CPU
	EndGlobalSection
	GlobalSection(SolutionProperties) = preSolution
		HideSolutionNode = FALSE
	EndGlobalSection
	GlobalSection(ExtensibilityGlobals) = postSolution
		SolutionGuid = {90759E4E-A9DD-44B3-AAB9-9173D8A900FE}
	EndGlobalSection
EndGlobal
